
Microsoft Visual Studio Solution File, Format Version 12.00
# Visual Studio Version 16
VisualStudioVersion = 16.0.31105.61
MinimumVisualStudioVersion = 10.0.40219.1
Project("{9A19103F-16F7-4668-BE54-9A1E7A4F7556}") = "Shop", "Shop\Shop.csproj", "{A13E58C5-C50E-43F4-9752-89CFE497BC17}"
EndProject
Project("{9A19103F-16F7-4668-BE54-9A1E7A4F7556}") = "Model", "Model\Model.csproj", "{00332260-A16B-44B9-BCA9-DD3E2BF7193B}"
EndProject
Project("{9A19103F-16F7-4668-BE54-9A1E7A4F7556}") = "Admin", "Admin\Admin.csproj", "{DADF4C30-E0CC-403B-953C-172C78C24414}"
EndProject
Global
	GlobalSection(SolutionConfigurationPlatforms) = preSolution
		Debug|Any CPU = Debug|Any CPU
		Release|Any CPU = Release|Any CPU
	EndGlobalSection
	GlobalSection(ProjectConfigurationPlatforms) = postSolution
		{A13E58C5-C50E-43F4-9752-89CFE497BC17}.Debug|Any CPU.ActiveCfg = Debug|Any CPU
		{A13E58C5-C50E-43F4-9752-89CFE497BC17}.Debug|Any CPU.Build.0 = Debug|Any CPU
		{A13E58C5-C50E-43F4-9752-89CFE497BC17}.Release|Any CPU.ActiveCfg = Release|Any CPU
		{A13E58C5-C50E-43F4-9752-89CFE497BC17}.Release|Any CPU.Build.0 = Release|Any CPU
		{00332260-A16B-44B9-BCA9-DD3E2BF7193B}.Debug|Any CPU.ActiveCfg = Debug|Any CPU
		{00332260-A16B-44B9-BCA9-DD3E2BF7193B}.Debug|Any CPU.Build.0 = Debug|Any CPU
		{00332260-A16B-44B9-BCA9-DD3E2BF7193B}.Release|Any CPU.ActiveCfg = Release|Any CPU
		{00332260-A16B-44B9-BCA9-DD3E2BF7193B}.Release|Any CPU.Build.0 = Release|Any CPU
		{DADF4C30-E0CC-403B-953C-172C78C24414}.Debug|Any CPU.ActiveCfg = Debug|Any CPU
		{DADF4C30-E0CC-403B-953C-172C78C24414}.Debug|Any CPU.Build.0 = Debug|Any CPU
		{DADF4C30-E0CC-403B-953C-172C78C24414}.Release|Any CPU.ActiveCfg = Release|Any CPU
		{DADF4C30-E0CC-403B-953C-172C78C24414}.Release|Any CPU.Build.0 = Release|Any CPU
	EndGlobalSection
	GlobalSection(SolutionProperties) = preSolution
		HideSolutionNode = FALSE
	EndGlobalSection
	GlobalSection(ExtensibilityGlobals) = postSolution
		SolutionGuid = {B92B820C-DCEC-4441-B349-3FAAECFB2ADE}
	EndGlobalSection
EndGlobal
